
Microsoft Visual Studio Solution File, Format Version 12.00
# Visual Studio Version 17
VisualStudioVersion = 17.4.33122.133
MinimumVisualStudioVersion = 10.0.40219.1
Project("{FAE04EC0-301F-11D3-BF4B-00C04F79EFBC}") = "MVC Countries", "MVC Countries\MVC Countries.csproj", "{4AB1475D-E5CE-4765-AA1B-0A360BD15637}"
EndProject
Global
	GlobalSection(SolutionConfigurationPlatforms) = preSolution
		Debug|Any CPU = Debug|Any CPU
		Release|Any CPU = Release|Any CPU
	EndGlobalSection
	GlobalSection(ProjectConfigurationPlatforms) = postSolution
		{4AB1475D-E5CE-4765-AA1B-0A360BD15637}.Debug|Any CPU.ActiveCfg = Debug|Any CPU
		{4AB1475D-E5CE-4765-AA1B-0A360BD15637}.Debug|Any CPU.Build.0 = Debug|Any CPU
		{4AB1475D-E5CE-4765-AA1B-0A360BD15637}.Release|Any CPU.ActiveCfg = Release|Any CPU
		{4AB1475D-E5CE-4765-AA1B-0A360BD15637}.Release|Any CPU.Build.0 = Release|Any CPU
	EndGlobalSection
	GlobalSection(SolutionProperties) = preSolution
		HideSolutionNode = FALSE
	EndGlobalSection
	GlobalSection(ExtensibilityGlobals) = postSolution
		SolutionGuid = {497BD3A6-CD0E-4367-8AD8-763FF39E7A49}
	EndGlobalSection
EndGlobal
